{
  "name": "fun-router",
  "version": "1.0.0",
  "lockfileVersion": 1,
  "requires": true,
  "dependencies": {
    "fun-tabs": {
      "version": "1.0.3",
      "resolved": "https://registry.npmjs.org/fun-tabs/-/fun-tabs-1.0.3.tgz",
      "integrity": "sha512-0bKRXI4O14XIiiij0NmQAxY9hswhlTFTx/zjaIBBk6NUiP1aIhM5Y2m7t2ET3+boXwQynT1GWX9NBQscgM4bgA==",
      "dev": true
    },
    "top-nav": {
      "version": "1.0.2",
      "resolved": "https://registry.npmjs.org/top-nav/-/top-nav-1.0.2.tgz",
      "integrity": "sha512-m2VEH2KuFMnoY+jemPQZLTy0FbF93YBuVqBrA3COILDXG2ICIZYFAWmR/BDHS8XU2PGnuBVVbQ1MSu9hHwZwCg==",
      "dev": true
    }
  }
}
