{
  "name": "fun-router",
  "version": "1.0.0",
  "lockfileVersion": 1,
  "requires": true,
  "dependencies": {
    "fun-tabs": {
      "version": "1.0.0",
      "resolved": "https://registry.npmjs.org/fun-tabs/-/fun-tabs-1.0.0.tgz",
      "integrity": "sha512-Hz7QTWUljdj9iWUbqirCi50n2QjY50q8un3ImKP5VLw03Eu05jEicCQU8a5GNk1Eq+H6OC6WvVO8cIbS5giItg==",
      "dev": true
    },
    "top-nav": {
      "version": "1.0.1",
      "resolved": "https://registry.npmjs.org/top-nav/-/top-nav-1.0.1.tgz",
      "integrity": "sha512-q6NiTEoACpKoj9FB9isDoZi3dnGotvvkddd/zlwsAtopIiQlB08nAOxU/I2Tcio4AXdm51s+gCTj+7OMK2HxMw==",
      "dev": true
    }
  }
}
