{
  "name": "fun-router",
  "version": "1.0.0",
  "lockfileVersion": 1,
  "requires": true,
  "dependencies": {
    "fun-tabs": {
      "version": "1.0.1",
      "resolved": "https://registry.npmjs.org/fun-tabs/-/fun-tabs-1.0.1.tgz",
      "integrity": "sha512-I1WB2vJEyCnWREjeLo2LVbg6Ia0dVcckex2JwTqYIMioW+r2AKSF8J7N1AQvWu3kX2DrgpqTIHKak81Q6HOfdg==",
      "dev": true
    },
    "top-nav": {
      "version": "1.0.2",
      "resolved": "https://registry.npmjs.org/top-nav/-/top-nav-1.0.2.tgz",
      "integrity": "sha512-m2VEH2KuFMnoY+jemPQZLTy0FbF93YBuVqBrA3COILDXG2ICIZYFAWmR/BDHS8XU2PGnuBVVbQ1MSu9hHwZwCg==",
      "dev": true
    }
  }
}
